// !$*UTF8*$!
{
	archiveVersion = 1;
	classes = {
	};
	objectVersion = 46;
	objects = {

/* Begin PBXBuildFile section */
		9A14010B139B9F7600BAB51E /* NSObject+JSON.m in Sources */ = {isa = PBXBuildFile; fileRef = 9A1400FA139B9F7600BAB51E /* NSObject+JSON.m */; };
		9A14010C139B9F7600BAB51E /* SBJsonParser.m in Sources */ = {isa = PBXBuildFile; fileRef = 9A1400FC139B9F7600BAB51E /* SBJsonParser.m */; };
		9A14010D139B9F7600BAB51E /* SBJsonStreamParser.m in Sources */ = {isa = PBXBuildFile; fileRef = 9A1400FE139B9F7600BAB51E /* SBJsonStreamParser.m */; };
		9A14010E139B9F7600BAB51E /* SBJsonStreamParserAdapter.m in Sources */ = {isa = PBXBuildFile; fileRef = 9A140100139B9F7600BAB51E /* SBJsonStreamParserAdapter.m */; };
		9A14010F139B9F7600BAB51E /* SBJsonStreamParserState.m in Sources */ = {isa = PBXBuildFile; fileRef = 9A140102139B9F7600BAB51E /* SBJsonStreamParserState.m */; };
		9A140110139B9F7600BAB51E /* SBJsonStreamWriter.m in Sources */ = {isa = PBXBuildFile; fileRef = 9A140104139B9F7600BAB51E /* SBJsonStreamWriter.m */; };
		9A140111139B9F7600BAB51E /* SBJsonStreamWriterState.m in Sources */ = {isa = PBXBuildFile; fileRef = 9A140106139B9F7600BAB51E /* SBJsonStreamWriterState.m */; };
		9A140112139B9F7600BAB51E /* SBJsonTokeniser.m in Sources */ = {isa = PBXBuildFile; fileRef = 9A140108139B9F7600BAB51E /* SBJsonTokeniser.m */; };
		9A140113139B9F7600BAB51E /* SBJsonWriter.m in Sources */ = {isa = PBXBuildFile; fileRef = 9A14010A139B9F7600BAB51E /* SBJsonWriter.m */; };
		9AB0EFCB1396E0FE00A8A687 /* NavigationController.m in Sources */ = {isa = PBXBuildFile; fileRef = 9AB0EFCA1396E0FE00A8A687 /* NavigationController.m */; };
		9AB0F00B1397F44F00A8A687 /* LoginView.m in Sources */ = {isa = PBXBuildFile; fileRef = 9AB0F0091397F44E00A8A687 /* LoginView.m */; };
		9AB0F00C1397F44F00A8A687 /* LoginView.xib in Resources */ = {isa = PBXBuildFile; fileRef = 9AB0F00A1397F44F00A8A687 /* LoginView.xib */; };
		9ACAACEB139D46AD00056534 /* Product.m in Sources */ = {isa = PBXBuildFile; fileRef = 9ACAACEA139D46AD00056534 /* Product.m */; };
		9AE200401399712E002D5E97 /* CoreFoundation.framework in Frameworks */ = {isa = PBXBuildFile; fileRef = 9AE2003F1399712E002D5E97 /* CoreFoundation.framework */; };
		9AE2FEAD1399209E002D5E97 /* NewMessageView.m in Sources */ = {isa = PBXBuildFile; fileRef = 9AE2FEAB1399209E002D5E97 /* NewMessageView.m */; };
		9AE2FEAE1399209E002D5E97 /* NewMessageView.xib in Resources */ = {isa = PBXBuildFile; fileRef = 9AE2FEAC1399209E002D5E97 /* NewMessageView.xib */; };
		9AEA4DF113964F1700C5BE43 /* UIKit.framework in Frameworks */ = {isa = PBXBuildFile; fileRef = 9AEA4DF013964F1700C5BE43 /* UIKit.framework */; };
		9AEA4DF313964F1700C5BE43 /* Foundation.framework in Frameworks */ = {isa = PBXBuildFile; fileRef = 9AEA4DF213964F1700C5BE43 /* Foundation.framework */; };
		9AEA4DF513964F1700C5BE43 /* CoreGraphics.framework in Frameworks */ = {isa = PBXBuildFile; fileRef = 9AEA4DF413964F1700C5BE43 /* CoreGraphics.framework */; };
		9AEA4DFB13964F1700C5BE43 /* InfoPlist.strings in Resources */ = {isa = PBXBuildFile; fileRef = 9AEA4DF913964F1700C5BE43 /* InfoPlist.strings */; };
		9AEA4DFE13964F1700C5BE43 /* main.m in Sources */ = {isa = PBXBuildFile; fileRef = 9AEA4DFD13964F1700C5BE43 /* main.m */; };
		9AEA4E0113964F1700C5BE43 /* booksAppDelegate.m in Sources */ = {isa = PBXBuildFile; fileRef = 9AEA4E0013964F1700C5BE43 /* booksAppDelegate.m */; };
		9AEA4E0413964F1700C5BE43 /* MainWindow.xib in Resources */ = {isa = PBXBuildFile; fileRef = 9AEA4E0213964F1700C5BE43 /* MainWindow.xib */; };
		9AEA4E0713964F1700C5BE43 /* SearchViewController.m in Sources */ = {isa = PBXBuildFile; fileRef = 9AEA4E0613964F1700C5BE43 /* SearchViewController.m */; };
		9AEA4E0A13964F1700C5BE43 /* HomeViewController.m in Sources */ = {isa = PBXBuildFile; fileRef = 9AEA4E0913964F1700C5BE43 /* HomeViewController.m */; };
		9AEA4E0D13964F1700C5BE43 /* SearchView.xib in Resources */ = {isa = PBXBuildFile; fileRef = 9AEA4E0B13964F1700C5BE43 /* SearchView.xib */; };
		9AEA4E1013964F1700C5BE43 /* HomeView.xib in Resources */ = {isa = PBXBuildFile; fileRef = 9AEA4E0E13964F1700C5BE43 /* HomeView.xib */; };
		9AEA4E1713964F1700C5BE43 /* UIKit.framework in Frameworks */ = {isa = PBXBuildFile; fileRef = 9AEA4DF013964F1700C5BE43 /* UIKit.framework */; };
		9AEA4E1813964F1700C5BE43 /* Foundation.framework in Frameworks */ = {isa = PBXBuildFile; fileRef = 9AEA4DF213964F1700C5BE43 /* Foundation.framework */; };
		9AEA4E1913964F1700C5BE43 /* CoreGraphics.framework in Frameworks */ = {isa = PBXBuildFile; fileRef = 9AEA4DF413964F1700C5BE43 /* CoreGraphics.framework */; };
		9AEA4E2113964F1700C5BE43 /* InfoPlist.strings in Resources */ = {isa = PBXBuildFile; fileRef = 9AEA4E1F13964F1700C5BE43 /* InfoPlist.strings */; };
		9AEA4E2413964F1700C5BE43 /* booksTests.h in Resources */ = {isa = PBXBuildFile; fileRef = 9AEA4E2313964F1700C5BE43 /* booksTests.h */; };
		9AEA4E2613964F1700C5BE43 /* booksTests.m in Sources */ = {isa = PBXBuildFile; fileRef = 9AEA4E2513964F1700C5BE43 /* booksTests.m */; };
		9AEA4E3913965A7000C5BE43 /* BooksViewController.m in Sources */ = {isa = PBXBuildFile; fileRef = 9AEA4E3713965A7000C5BE43 /* BooksViewController.m */; };
		9AEA4E3A13965A7000C5BE43 /* BooksViewController.xib in Resources */ = {isa = PBXBuildFile; fileRef = 9AEA4E3813965A7000C5BE43 /* BooksViewController.xib */; };
		9AEA4E3D13965BC200C5BE43 /* BookDetailViewController.m in Sources */ = {isa = PBXBuildFile; fileRef = 9AEA4E3C13965BC200C5BE43 /* BookDetailViewController.m */; };
		9AEA4E4113965EDE00C5BE43 /* CollectionViewController.m in Sources */ = {isa = PBXBuildFile; fileRef = 9AEA4E3F13965EDE00C5BE43 /* CollectionViewController.m */; };
		9AEA4E4213965EDE00C5BE43 /* CollectionViewController.xib in Resources */ = {isa = PBXBuildFile; fileRef = 9AEA4E4013965EDE00C5BE43 /* CollectionViewController.xib */; };
		9AEA4E4613965FA200C5BE43 /* WantedViewController.m in Sources */ = {isa = PBXBuildFile; fileRef = 9AEA4E4413965FA100C5BE43 /* WantedViewController.m */; };
		9AEA4E4713965FA200C5BE43 /* WantedViewController.xib in Resources */ = {isa = PBXBuildFile; fileRef = 9AEA4E4513965FA200C5BE43 /* WantedViewController.xib */; };
		9AF1BE8D1398ED0E005E7365 /* ChatViewController.m in Sources */ = {isa = PBXBuildFile; fileRef = 9AF1BE8B1398ED0E005E7365 /* ChatViewController.m */; };
		9AF1BE8E1398ED0E005E7365 /* ChatViewController.xib in Resources */ = {isa = PBXBuildFile; fileRef = 9AF1BE8C1398ED0E005E7365 /* ChatViewController.xib */; };
/* End PBXBuildFile section */

/* Begin PBXContainerItemProxy section */
		9AEA4E1A13964F1700C5BE43 /* PBXContainerItemProxy */ = {
			isa = PBXContainerItemProxy;
			containerPortal = 9AEA4DE313964F1700C5BE43 /* Project object */;
			proxyType = 1;
			remoteGlobalIDString = 9AEA4DEB13964F1700C5BE43;
			remoteInfo = books;
		};
/* End PBXContainerItemProxy section */

/* Begin PBXFileReference section */
		9A1400F8139B9F7600BAB51E /* JSON.h */ = {isa = PBXFileReference; fileEncoding = 4; lastKnownFileType = sourcecode.c.h; path = JSON.h; sourceTree = "<group>"; };
		9A1400F9139B9F7600BAB51E /* NSObject+JSON.h */ = {isa = PBXFileReference; fileEncoding = 4; lastKnownFileType = sourcecode.c.h; path = "NSObject+JSON.h"; sourceTree = "<group>"; };
		9A1400FA139B9F7600BAB51E /* NSObject+JSON.m */ = {isa = PBXFileReference; fileEncoding = 4; lastKnownFileType = sourcecode.c.objc; path = "NSObject+JSON.m"; sourceTree = "<group>"; };
		9A1400FB139B9F7600BAB51E /* SBJsonParser.h */ = {isa = PBXFileReference; fileEncoding = 4; lastKnownFileType = sourcecode.c.h; path = SBJsonParser.h; sourceTree = "<group>"; };
		9A1400FC139B9F7600BAB51E /* SBJsonParser.m */ = {isa = PBXFileReference; fileEncoding = 4; lastKnownFileType = sourcecode.c.objc; path = SBJsonParser.m; sourceTree = "<group>"; };
		9A1400FD139B9F7600BAB51E /* SBJsonStreamParser.h */ = {isa = PBXFileReference; fileEncoding = 4; lastKnownFileType = sourcecode.c.h; path = SBJsonStreamParser.h; sourceTree = "<group>"; };
		9A1400FE139B9F7600BAB51E /* SBJsonStreamParser.m */ = {isa = PBXFileReference; fileEncoding = 4; lastKnownFileType = sourcecode.c.objc; path = SBJsonStreamParser.m; sourceTree = "<group>"; };
		9A1400FF139B9F7600BAB51E /* SBJsonStreamParserAdapter.h */ = {isa = PBXFileReference; fileEncoding = 4; lastKnownFileType = sourcecode.c.h; path = SBJsonStreamParserAdapter.h; sourceTree = "<group>"; };
		9A140100139B9F7600BAB51E /* SBJsonStreamParserAdapter.m */ = {isa = PBXFileReference; fileEncoding = 4; lastKnownFileType = sourcecode.c.objc; path = SBJsonStreamParserAdapter.m; sourceTree = "<group>"; };
		9A140101139B9F7600BAB51E /* SBJsonStreamParserState.h */ = {isa = PBXFileReference; fileEncoding = 4; lastKnownFileType = sourcecode.c.h; path = SBJsonStreamParserState.h; sourceTree = "<group>"; };
		9A140102139B9F7600BAB51E /* SBJsonStreamParserState.m */ = {isa = PBXFileReference; fileEncoding = 4; lastKnownFileType = sourcecode.c.objc; path = SBJsonStreamParserState.m; sourceTree = "<group>"; };
		9A140103139B9F7600BAB51E /* SBJsonStreamWriter.h */ = {isa = PBXFileReference; fileEncoding = 4; lastKnownFileType = sourcecode.c.h; path = SBJsonStreamWriter.h; sourceTree = "<group>"; };
		9A140104139B9F7600BAB51E /* SBJsonStreamWriter.m */ = {isa = PBXFileReference; fileEncoding = 4; lastKnownFileType = sourcecode.c.objc; path = SBJsonStreamWriter.m; sourceTree = "<group>"; };
		9A140105139B9F7600BAB51E /* SBJsonStreamWriterState.h */ = {isa = PBXFileReference; fileEncoding = 4; lastKnownFileType = sourcecode.c.h; path = SBJsonStreamWriterState.h; sourceTree = "<group>"; };
		9A140106139B9F7600BAB51E /* SBJsonStreamWriterState.m */ = {isa = PBXFileReference; fileEncoding = 4; lastKnownFileType = sourcecode.c.objc; path = SBJsonStreamWriterState.m; sourceTree = "<group>"; };
		9A140107139B9F7600BAB51E /* SBJsonTokeniser.h */ = {isa = PBXFileReference; fileEncoding = 4; lastKnownFileType = sourcecode.c.h; path = SBJsonTokeniser.h; sourceTree = "<group>"; };
		9A140108139B9F7600BAB51E /* SBJsonTokeniser.m */ = {isa = PBXFileReference; fileEncoding = 4; lastKnownFileType = sourcecode.c.objc; path = SBJsonTokeniser.m; sourceTree = "<group>"; };
		9A140109139B9F7600BAB51E /* SBJsonWriter.h */ = {isa = PBXFileReference; fileEncoding = 4; lastKnownFileType = sourcecode.c.h; path = SBJsonWriter.h; sourceTree = "<group>"; };
		9A14010A139B9F7600BAB51E /* SBJsonWriter.m */ = {isa = PBXFileReference; fileEncoding = 4; lastKnownFileType = sourcecode.c.objc; path = SBJsonWriter.m; sourceTree = "<group>"; };
		9AB0EFC91396E0FE00A8A687 /* NavigationController.h */ = {isa = PBXFileReference; fileEncoding = 4; lastKnownFileType = sourcecode.c.h; path = NavigationController.h; sourceTree = "<group>"; };
		9AB0EFCA1396E0FE00A8A687 /* NavigationController.m */ = {isa = PBXFileReference; fileEncoding = 4; lastKnownFileType = sourcecode.c.objc; path = NavigationController.m; sourceTree = "<group>"; };
		9AB0F0081397F44E00A8A687 /* LoginView.h */ = {isa = PBXFileReference; fileEncoding = 4; lastKnownFileType = sourcecode.c.h; path = LoginView.h; sourceTree = "<group>"; };
		9AB0F0091397F44E00A8A687 /* LoginView.m */ = {isa = PBXFileReference; fileEncoding = 4; lastKnownFileType = sourcecode.c.objc; path = LoginView.m; sourceTree = "<group>"; };
		9AB0F00A1397F44F00A8A687 /* LoginView.xib */ = {isa = PBXFileReference; fileEncoding = 4; lastKnownFileType = file.xib; path = LoginView.xib; sourceTree = "<group>"; };
		9ACAACE9139D46AD00056534 /* Product.h */ = {isa = PBXFileReference; fileEncoding = 4; lastKnownFileType = sourcecode.c.h; path = Product.h; sourceTree = "<group>"; };
		9ACAACEA139D46AD00056534 /* Product.m */ = {isa = PBXFileReference; fileEncoding = 4; lastKnownFileType = sourcecode.c.objc; path = Product.m; sourceTree = "<group>"; };
		9AE2003F1399712E002D5E97 /* CoreFoundation.framework */ = {isa = PBXFileReference; lastKnownFileType = wrapper.framework; name = CoreFoundation.framework; path = System/Library/Frameworks/CoreFoundation.framework; sourceTree = SDKROOT; };
		9AE2FEAA1399209E002D5E97 /* NewMessageView.h */ = {isa = PBXFileReference; fileEncoding = 4; lastKnownFileType = sourcecode.c.h; path = NewMessageView.h; sourceTree = "<group>"; };
		9AE2FEAB1399209E002D5E97 /* NewMessageView.m */ = {isa = PBXFileReference; fileEncoding = 4; lastKnownFileType = sourcecode.c.objc; path = NewMessageView.m; sourceTree = "<group>"; };
		9AE2FEAC1399209E002D5E97 /* NewMessageView.xib */ = {isa = PBXFileReference; fileEncoding = 4; lastKnownFileType = file.xib; path = NewMessageView.xib; sourceTree = "<group>"; };
		9AEA4DEC13964F1700C5BE43 /* books.app */ = {isa = PBXFileReference; explicitFileType = wrapper.application; includeInIndex = 0; path = books.app; sourceTree = BUILT_PRODUCTS_DIR; };
		9AEA4DF013964F1700C5BE43 /* UIKit.framework */ = {isa = PBXFileReference; lastKnownFileType = wrapper.framework; name = UIKit.framework; path = System/Library/Frameworks/UIKit.framework; sourceTree = SDKROOT; };
		9AEA4DF213964F1700C5BE43 /* Foundation.framework */ = {isa = PBXFileReference; lastKnownFileType = wrapper.framework; name = Foundation.framework; path = System/Library/Frameworks/Foundation.framework; sourceTree = SDKROOT; };
		9AEA4DF413964F1700C5BE43 /* CoreGraphics.framework */ = {isa = PBXFileReference; lastKnownFileType = wrapper.framework; name = CoreGraphics.framework; path = System/Library/Frameworks/CoreGraphics.framework; sourceTree = SDKROOT; };
		9AEA4DF813964F1700C5BE43 /* books-Info.plist */ = {isa = PBXFileReference; lastKnownFileType = text.plist.xml; path = "books-Info.plist"; sourceTree = "<group>"; };
		9AEA4DFA13964F1700C5BE43 /* en */ = {isa = PBXFileReference; lastKnownFileType = text.plist.strings; name = en; path = en.lproj/InfoPlist.strings; sourceTree = "<group>"; };
		9AEA4DFC13964F1700C5BE43 /* books-Prefix.pch */ = {isa = PBXFileReference; lastKnownFileType = sourcecode.c.h; path = "books-Prefix.pch"; sourceTree = "<group>"; };
		9AEA4DFD13964F1700C5BE43 /* main.m */ = {isa = PBXFileReference; lastKnownFileType = sourcecode.c.objc; path = main.m; sourceTree = "<group>"; };
		9AEA4DFF13964F1700C5BE43 /* booksAppDelegate.h */ = {isa = PBXFileReference; lastKnownFileType = sourcecode.c.h; path = booksAppDelegate.h; sourceTree = "<group>"; };
		9AEA4E0013964F1700C5BE43 /* booksAppDelegate.m */ = {isa = PBXFileReference; lastKnownFileType = sourcecode.c.objc; path = booksAppDelegate.m; sourceTree = "<group>"; };
		9AEA4E0313964F1700C5BE43 /* en */ = {isa = PBXFileReference; lastKnownFileType = file.xib; name = en; path = en.lproj/MainWindow.xib; sourceTree = "<group>"; };
		9AEA4E0513964F1700C5BE43 /* SearchViewController.h */ = {isa = PBXFileReference; lastKnownFileType = sourcecode.c.h; path = SearchViewController.h; sourceTree = "<group>"; };
		9AEA4E0613964F1700C5BE43 /* SearchViewController.m */ = {isa = PBXFileReference; lastKnownFileType = sourcecode.c.objc; path = SearchViewController.m; sourceTree = "<group>"; };
		9AEA4E0913964F1700C5BE43 /* HomeViewController.m */ = {isa = PBXFileReference; lastKnownFileType = sourcecode.c.objc; path = HomeViewController.m; sourceTree = "<group>"; };
		9AEA4E0C13964F1700C5BE43 /* en */ = {isa = PBXFileReference; lastKnownFileType = file.xib; name = en; path = en.lproj/SearchView.xib; sourceTree = "<group>"; };
		9AEA4E0F13964F1700C5BE43 /* en */ = {isa = PBXFileReference; lastKnownFileType = file.xib; name = en; path = en.lproj/HomeView.xib; sourceTree = "<group>"; };
		9AEA4E1613964F1700C5BE43 /* booksTests.octest */ = {isa = PBXFileReference; explicitFileType = wrapper.cfbundle; includeInIndex = 0; path = booksTests.octest; sourceTree = BUILT_PRODUCTS_DIR; };
		9AEA4E1E13964F1700C5BE43 /* booksTests-Info.plist */ = {isa = PBXFileReference; lastKnownFileType = text.plist.xml; path = "booksTests-Info.plist"; sourceTree = "<group>"; };
		9AEA4E2013964F1700C5BE43 /* en */ = {isa = PBXFileReference; lastKnownFileType = text.plist.strings; name = en; path = en.lproj/InfoPlist.strings; sourceTree = "<group>"; };
		9AEA4E2213964F1700C5BE43 /* booksTests-Prefix.pch */ = {isa = PBXFileReference; lastKnownFileType = sourcecode.c.h; path = "booksTests-Prefix.pch"; sourceTree = "<group>"; };
		9AEA4E2313964F1700C5BE43 /* booksTests.h */ = {isa = PBXFileReference; lastKnownFileType = sourcecode.c.h; path = booksTests.h; sourceTree = "<group>"; };
		9AEA4E2513964F1700C5BE43 /* booksTests.m */ = {isa = PBXFileReference; lastKnownFileType = sourcecode.c.objc; path = booksTests.m; sourceTree = "<group>"; };
		9AEA4E311396561C00C5BE43 /* HomeViewController.h */ = {isa = PBXFileReference; fileEncoding = 4; lastKnownFileType = sourcecode.c.h; path = HomeViewController.h; sourceTree = "<group>"; };
		9AEA4E3613965A7000C5BE43 /* BooksViewController.h */ = {isa = PBXFileReference; fileEncoding = 4; lastKnownFileType = sourcecode.c.h; path = BooksViewController.h; sourceTree = "<group>"; };
		9AEA4E3713965A7000C5BE43 /* BooksViewController.m */ = {isa = PBXFileReference; fileEncoding = 4; lastKnownFileType = sourcecode.c.objc; path = BooksViewController.m; sourceTree = "<group>"; };
		9AEA4E3813965A7000C5BE43 /* BooksViewController.xib */ = {isa = PBXFileReference; fileEncoding = 4; lastKnownFileType = file.xib; path = BooksViewController.xib; sourceTree = "<group>"; };
		9AEA4E3B13965BC200C5BE43 /* BookDetailViewController.h */ = {isa = PBXFileReference; fileEncoding = 4; lastKnownFileType = sourcecode.c.h; path = BookDetailViewController.h; sourceTree = "<group>"; };
		9AEA4E3C13965BC200C5BE43 /* BookDetailViewController.m */ = {isa = PBXFileReference; fileEncoding = 4; lastKnownFileType = sourcecode.c.objc; path = BookDetailViewController.m; sourceTree = "<group>"; };
		9AEA4E3E13965EDE00C5BE43 /* CollectionViewController.h */ = {isa = PBXFileReference; fileEncoding = 4; lastKnownFileType = sourcecode.c.h; path = CollectionViewController.h; sourceTree = "<group>"; };
		9AEA4E3F13965EDE00C5BE43 /* CollectionViewController.m */ = {isa = PBXFileReference; fileEncoding = 4; lastKnownFileType = sourcecode.c.objc; path = CollectionViewController.m; sourceTree = "<group>"; };
		9AEA4E4013965EDE00C5BE43 /* CollectionViewController.xib */ = {isa = PBXFileReference; fileEncoding = 4; lastKnownFileType = file.xib; path = CollectionViewController.xib; sourceTree = "<group>"; };
		9AEA4E4313965FA100C5BE43 /* WantedViewController.h */ = {isa = PBXFileReference; fileEncoding = 4; lastKnownFileType = sourcecode.c.h; path = WantedViewController.h; sourceTree = "<group>"; };
		9AEA4E4413965FA100C5BE43 /* WantedViewController.m */ = {isa = PBXFileReference; fileEncoding = 4; lastKnownFileType = sourcecode.c.objc; path = WantedViewController.m; sourceTree = "<group>"; };
		9AEA4E4513965FA200C5BE43 /* WantedViewController.xib */ = {isa = PBXFileReference; fileEncoding = 4; lastKnownFileType = file.xib; path = WantedViewController.xib; sourceTree = "<group>"; };
		9AF1BE8A1398ED0E005E7365 /* ChatViewController.h */ = {isa = PBXFileReference; fileEncoding = 4; lastKnownFileType = sourcecode.c.h; path = ChatViewController.h; sourceTree = "<group>"; };
		9AF1BE8B1398ED0E005E7365 /* ChatViewController.m */ = {isa = PBXFileReference; fileEncoding = 4; lastKnownFileType = sourcecode.c.objc; path = ChatViewController.m; sourceTree = "<group>"; };
		9AF1BE8C1398ED0E005E7365 /* ChatViewController.xib */ = {isa = PBXFileReference; fileEncoding = 4; lastKnownFileType = file.xib; path = ChatViewController.xib; sourceTree = "<group>"; };
/* End PBXFileReference section */

/* Begin PBXFrameworksBuildPhase section */
		9AEA4DE913964F1700C5BE43 /* Frameworks */ = {
			isa = PBXFrameworksBuildPhase;
			buildActionMask = 2147483647;
			files = (
				9AE200401399712E002D5E97 /* CoreFoundation.framework in Frameworks */,
				9AEA4DF513964F1700C5BE43 /* CoreGraphics.framework in Frameworks */,
				9AEA4DF113964F1700C5BE43 /* UIKit.framework in Frameworks */,
				9AEA4DF313964F1700C5BE43 /* Foundation.framework in Frameworks */,
			);
			runOnlyForDeploymentPostprocessing = 0;
		};
		9AEA4E1213964F1700C5BE43 /* Frameworks */ = {
			isa = PBXFrameworksBuildPhase;
			buildActionMask = 2147483647;
			files = (
				9AEA4E1713964F1700C5BE43 /* UIKit.framework in Frameworks */,
				9AEA4E1813964F1700C5BE43 /* Foundation.framework in Frameworks */,
				9AEA4E1913964F1700C5BE43 /* CoreGraphics.framework in Frameworks */,
			);
			runOnlyForDeploymentPostprocessing = 0;
		};
/* End PBXFrameworksBuildPhase section */

/* Begin PBXGroup section */
		9A1400F6139B9F5400BAB51E /* JSON */ = {
			isa = PBXGroup;
			children = (
				9A1400F8139B9F7600BAB51E /* JSON.h */,
				9A1400F9139B9F7600BAB51E /* NSObject+JSON.h */,
				9A1400FA139B9F7600BAB51E /* NSObject+JSON.m */,
				9A1400FB139B9F7600BAB51E /* SBJsonParser.h */,
				9A1400FC139B9F7600BAB51E /* SBJsonParser.m */,
				9A1400FD139B9F7600BAB51E /* SBJsonStreamParser.h */,
				9A1400FE139B9F7600BAB51E /* SBJsonStreamParser.m */,
				9A1400FF139B9F7600BAB51E /* SBJsonStreamParserAdapter.h */,
				9A140100139B9F7600BAB51E /* SBJsonStreamParserAdapter.m */,
				9A140101139B9F7600BAB51E /* SBJsonStreamParserState.h */,
				9A140102139B9F7600BAB51E /* SBJsonStreamParserState.m */,
				9A140103139B9F7600BAB51E /* SBJsonStreamWriter.h */,
				9A140104139B9F7600BAB51E /* SBJsonStreamWriter.m */,
				9A140105139B9F7600BAB51E /* SBJsonStreamWriterState.h */,
				9A140106139B9F7600BAB51E /* SBJsonStreamWriterState.m */,
				9A140107139B9F7600BAB51E /* SBJsonTokeniser.h */,
				9A140108139B9F7600BAB51E /* SBJsonTokeniser.m */,
				9A140109139B9F7600BAB51E /* SBJsonWriter.h */,
				9A14010A139B9F7600BAB51E /* SBJsonWriter.m */,
			);
			name = JSON;
			path = ..;
			sourceTree = "<group>";
		};
		9AEA4DE113964F1700C5BE43 = {
			isa = PBXGroup;
			children = (
				9AEA4DF613964F1700C5BE43 /* books */,
				9AEA4E1C13964F1700C5BE43 /* booksTests */,
				9AEA4DEF13964F1700C5BE43 /* Frameworks */,
				9AEA4DED13964F1700C5BE43 /* Products */,
			);
			sourceTree = "<group>";
		};
		9AEA4DED13964F1700C5BE43 /* Products */ = {
			isa = PBXGroup;
			children = (
				9AEA4DEC13964F1700C5BE43 /* books.app */,
				9AEA4E1613964F1700C5BE43 /* booksTests.octest */,
			);
			name = Products;
			sourceTree = "<group>";
		};
		9AEA4DEF13964F1700C5BE43 /* Frameworks */ = {
			isa = PBXGroup;
			children = (
				9AE2003F1399712E002D5E97 /* CoreFoundation.framework */,
				9AEA4DF013964F1700C5BE43 /* UIKit.framework */,
				9AEA4DF213964F1700C5BE43 /* Foundation.framework */,
				9AEA4DF413964F1700C5BE43 /* CoreGraphics.framework */,
			);
			name = Frameworks;
			sourceTree = "<group>";
		};
		9AEA4DF613964F1700C5BE43 /* books */ = {
			isa = PBXGroup;
			children = (
				9A1400F6139B9F5400BAB51E /* JSON */,
				9ACAACE9139D46AD00056534 /* Product.h */,
				9ACAACEA139D46AD00056534 /* Product.m */,
				9AB0EFC91396E0FE00A8A687 /* NavigationController.h */,
				9AB0EFCA1396E0FE00A8A687 /* NavigationController.m */,
				9AEA4E3B13965BC200C5BE43 /* BookDetailViewController.h */,
				9AEA4E3C13965BC200C5BE43 /* BookDetailViewController.m */,
				9AEA4DFF13964F1700C5BE43 /* booksAppDelegate.h */,
				9AEA4E0013964F1700C5BE43 /* booksAppDelegate.m */,
				9AEA4E0213964F1700C5BE43 /* MainWindow.xib */,
				9AEA4E0513964F1700C5BE43 /* SearchViewController.h */,
				9AEA4E0613964F1700C5BE43 /* SearchViewController.m */,
				9AEA4E311396561C00C5BE43 /* HomeViewController.h */,
				9AEA4E0913964F1700C5BE43 /* HomeViewController.m */,
				9AEA4E0B13964F1700C5BE43 /* SearchView.xib */,
				9AEA4E0E13964F1700C5BE43 /* HomeView.xib */,
				9AEA4DF713964F1700C5BE43 /* Supporting Files */,
				9AEA4E3613965A7000C5BE43 /* BooksViewController.h */,
				9AEA4E3713965A7000C5BE43 /* BooksViewController.m */,
				9AEA4E3813965A7000C5BE43 /* BooksViewController.xib */,
				9AEA4E3E13965EDE00C5BE43 /* CollectionViewController.h */,
				9AEA4E3F13965EDE00C5BE43 /* CollectionViewController.m */,
				9AEA4E4013965EDE00C5BE43 /* CollectionViewController.xib */,
				9AEA4E4313965FA100C5BE43 /* WantedViewController.h */,
				9AEA4E4413965FA100C5BE43 /* WantedViewController.m */,
				9AEA4E4513965FA200C5BE43 /* WantedViewController.xib */,
				9AB0F0081397F44E00A8A687 /* LoginView.h */,
				9AB0F0091397F44E00A8A687 /* LoginView.m */,
				9AB0F00A1397F44F00A8A687 /* LoginView.xib */,
				9AF1BE8A1398ED0E005E7365 /* ChatViewController.h */,
				9AF1BE8B1398ED0E005E7365 /* ChatViewController.m */,
				9AF1BE8C1398ED0E005E7365 /* ChatViewController.xib */,
				9AE2FEAA1399209E002D5E97 /* NewMessageView.h */,
				9AE2FEAB1399209E002D5E97 /* NewMessageView.m */,
				9AE2FEAC1399209E002D5E97 /* NewMessageView.xib */,
			);
			path = books;
			sourceTree = "<group>";
		};
		9AEA4DF713964F1700C5BE43 /* Supporting Files */ = {
			isa = PBXGroup;
			children = (
				9AEA4DF813964F1700C5BE43 /* books-Info.plist */,
				9AEA4DF913964F1700C5BE43 /* InfoPlist.strings */,
				9AEA4DFC13964F1700C5BE43 /* books-Prefix.pch */,
				9AEA4DFD13964F1700C5BE43 /* main.m */,
			);
			name = "Supporting Files";
			sourceTree = "<group>";
		};
		9AEA4E1C13964F1700C5BE43 /* booksTests */ = {
			isa = PBXGroup;
			children = (
				9AEA4E2313964F1700C5BE43 /* booksTests.h */,
				9AEA4E2513964F1700C5BE43 /* booksTests.m */,
				9AEA4E1D13964F1700C5BE43 /* Supporting Files */,
			);
			path = booksTests;
			sourceTree = "<group>";
		};
		9AEA4E1D13964F1700C5BE43 /* Supporting Files */ = {
			isa = PBXGroup;
			children = (
				9AEA4E1E13964F1700C5BE43 /* booksTests-Info.plist */,
				9AEA4E1F13964F1700C5BE43 /* InfoPlist.strings */,
				9AEA4E2213964F1700C5BE43 /* booksTests-Prefix.pch */,
			);
			name = "Supporting Files";
			sourceTree = "<group>";
		};
/* End PBXGroup section */

/* Begin PBXNativeTarget section */
		9AEA4DEB13964F1700C5BE43 /* books */ = {
			isa = PBXNativeTarget;
			buildConfigurationList = 9AEA4E2913964F1700C5BE43 /* Build configuration list for PBXNativeTarget "books" */;
			buildPhases = (
				9AEA4DE813964F1700C5BE43 /* Sources */,
				9AEA4DE913964F1700C5BE43 /* Frameworks */,
				9AEA4DEA13964F1700C5BE43 /* Resources */,
			);
			buildRules = (
			);
			dependencies = (
			);
			name = books;
			productName = books;
			productReference = 9AEA4DEC13964F1700C5BE43 /* books.app */;
			productType = "com.apple.product-type.application";
		};
		9AEA4E1513964F1700C5BE43 /* booksTests */ = {
			isa = PBXNativeTarget;
			buildConfigurationList = 9AEA4E2C13964F1700C5BE43 /* Build configuration list for PBXNativeTarget "booksTests" */;
			buildPhases = (
				9AEA4E1113964F1700C5BE43 /* Sources */,
				9AEA4E1213964F1700C5BE43 /* Frameworks */,
				9AEA4E1313964F1700C5BE43 /* Resources */,
				9AEA4E1413964F1700C5BE43 /* ShellScript */,
			);
			buildRules = (
			);
			dependencies = (
				9AEA4E1B13964F1700C5BE43 /* PBXTargetDependency */,
			);
			name = booksTests;
			productName = booksTests;
			productReference = 9AEA4E1613964F1700C5BE43 /* booksTests.octest */;
			productType = "com.apple.product-type.bundle";
		};
/* End PBXNativeTarget section */

/* Begin PBXProject section */
		9AEA4DE313964F1700C5BE43 /* Project object */ = {
			isa = PBXProject;
			attributes = {
				ORGANIZATIONNAME = "Imperial College London";
			};
			buildConfigurationList = 9AEA4DE613964F1700C5BE43 /* Build configuration list for PBXProject "books" */;
			compatibilityVersion = "Xcode 3.2";
			developmentRegion = English;
			hasScannedForEncodings = 0;
			knownRegions = (
				en,
			);
			mainGroup = 9AEA4DE113964F1700C5BE43;
			productRefGroup = 9AEA4DED13964F1700C5BE43 /* Products */;
			projectDirPath = "";
			projectRoot = "";
			targets = (
				9AEA4DEB13964F1700C5BE43 /* books */,
				9AEA4E1513964F1700C5BE43 /* booksTests */,
			);
		};
/* End PBXProject section */

/* Begin PBXResourcesBuildPhase section */
		9AEA4DEA13964F1700C5BE43 /* Resources */ = {
			isa = PBXResourcesBuildPhase;
			buildActionMask = 2147483647;
			files = (
				9AEA4DFB13964F1700C5BE43 /* InfoPlist.strings in Resources */,
				9AEA4E0413964F1700C5BE43 /* MainWindow.xib in Resources */,
				9AEA4E0D13964F1700C5BE43 /* SearchView.xib in Resources */,
				9AEA4E1013964F1700C5BE43 /* HomeView.xib in Resources */,
				9AEA4E3A13965A7000C5BE43 /* BooksViewController.xib in Resources */,
				9AEA4E4213965EDE00C5BE43 /* CollectionViewController.xib in Resources */,
				9AEA4E4713965FA200C5BE43 /* WantedViewController.xib in Resources */,
				9AB0F00C1397F44F00A8A687 /* LoginView.xib in Resources */,
				9AF1BE8E1398ED0E005E7365 /* ChatViewController.xib in Resources */,
				9AE2FEAE1399209E002D5E97 /* NewMessageView.xib in Resources */,
			);
			runOnlyForDeploymentPostprocessing = 0;
		};
		9AEA4E1313964F1700C5BE43 /* Resources */ = {
			isa = PBXResourcesBuildPhase;
			buildActionMask = 2147483647;
			files = (
				9AEA4E2113964F1700C5BE43 /* InfoPlist.strings in Resources */,
				9AEA4E2413964F1700C5BE43 /* booksTests.h in Resources */,
			);
			runOnlyForDeploymentPostprocessing = 0;
		};
/* End PBXResourcesBuildPhase section */

/* Begin PBXShellScriptBuildPhase section */
		9AEA4E1413964F1700C5BE43 /* ShellScript */ = {
			isa = PBXShellScriptBuildPhase;
			buildActionMask = 2147483647;
			files = (
			);
			inputPaths = (
			);
			outputPaths = (
			);
			runOnlyForDeploymentPostprocessing = 0;
			shellPath = /bin/sh;
			shellScript = "# Run the unit tests in this test bundle.\n\"${SYSTEM_DEVELOPER_DIR}/Tools/RunUnitTests\"\n";
		};
/* End PBXShellScriptBuildPhase section */

/* Begin PBXSourcesBuildPhase section */
		9AEA4DE813964F1700C5BE43 /* Sources */ = {
			isa = PBXSourcesBuildPhase;
			buildActionMask = 2147483647;
			files = (
				9AEA4DFE13964F1700C5BE43 /* main.m in Sources */,
				9AEA4E0113964F1700C5BE43 /* booksAppDelegate.m in Sources */,
				9AEA4E0713964F1700C5BE43 /* SearchViewController.m in Sources */,
				9AEA4E0A13964F1700C5BE43 /* HomeViewController.m in Sources */,
				9AEA4E3913965A7000C5BE43 /* BooksViewController.m in Sources */,
				9AEA4E3D13965BC200C5BE43 /* BookDetailViewController.m in Sources */,
				9AEA4E4113965EDE00C5BE43 /* CollectionViewController.m in Sources */,
				9AEA4E4613965FA200C5BE43 /* WantedViewController.m in Sources */,
				9AB0EFCB1396E0FE00A8A687 /* NavigationController.m in Sources */,
				9AB0F00B1397F44F00A8A687 /* LoginView.m in Sources */,
				9AF1BE8D1398ED0E005E7365 /* ChatViewController.m in Sources */,
				9AE2FEAD1399209E002D5E97 /* NewMessageView.m in Sources */,
				9A14010B139B9F7600BAB51E /* NSObject+JSON.m in Sources */,
				9A14010C139B9F7600BAB51E /* SBJsonParser.m in Sources */,
				9A14010D139B9F7600BAB51E /* SBJsonStreamParser.m in Sources */,
				9A14010E139B9F7600BAB51E /* SBJsonStreamParserAdapter.m in Sources */,
				9A14010F139B9F7600BAB51E /* SBJsonStreamParserState.m in Sources */,
				9A140110139B9F7600BAB51E /* SBJsonStreamWriter.m in Sources */,
				9A140111139B9F7600BAB51E /* SBJsonStreamWriterState.m in Sources */,
				9A140112139B9F7600BAB51E /* SBJsonTokeniser.m in Sources */,
				9A140113139B9F7600BAB51E /* SBJsonWriter.m in Sources */,
				9ACAACEB139D46AD00056534 /* Product.m in Sources */,
			);
			runOnlyForDeploymentPostprocessing = 0;
		};
		9AEA4E1113964F1700C5BE43 /* Sources */ = {
			isa = PBXSourcesBuildPhase;
			buildActionMask = 2147483647;
			files = (
				9AEA4E2613964F1700C5BE43 /* booksTests.m in Sources */,
			);
			runOnlyForDeploymentPostprocessing = 0;
		};
/* End PBXSourcesBuildPhase section */

/* Begin PBXTargetDependency section */
		9AEA4E1B13964F1700C5BE43 /* PBXTargetDependency */ = {
			isa = PBXTargetDependency;
			target = 9AEA4DEB13964F1700C5BE43 /* books */;
			targetProxy = 9AEA4E1A13964F1700C5BE43 /* PBXContainerItemProxy */;
		};
/* End PBXTargetDependency section */

/* Begin PBXVariantGroup section */
		9AEA4DF913964F1700C5BE43 /* InfoPlist.strings */ = {
			isa = PBXVariantGroup;
			children = (
				9AEA4DFA13964F1700C5BE43 /* en */,
			);
			name = InfoPlist.strings;
			sourceTree = "<group>";
		};
		9AEA4E0213964F1700C5BE43 /* MainWindow.xib */ = {
			isa = PBXVariantGroup;
			children = (
				9AEA4E0313964F1700C5BE43 /* en */,
			);
			name = MainWindow.xib;
			sourceTree = "<group>";
		};
		9AEA4E0B13964F1700C5BE43 /* SearchView.xib */ = {
			isa = PBXVariantGroup;
			children = (
				9AEA4E0C13964F1700C5BE43 /* en */,
			);
			name = SearchView.xib;
			sourceTree = "<group>";
		};
		9AEA4E0E13964F1700C5BE43 /* HomeView.xib */ = {
			isa = PBXVariantGroup;
			children = (
				9AEA4E0F13964F1700C5BE43 /* en */,
			);
			name = HomeView.xib;
			sourceTree = "<group>";
		};
		9AEA4E1F13964F1700C5BE43 /* InfoPlist.strings */ = {
			isa = PBXVariantGroup;
			children = (
				9AEA4E2013964F1700C5BE43 /* en */,
			);
			name = InfoPlist.strings;
			sourceTree = "<group>";
		};
/* End PBXVariantGroup section */

/* Begin XCBuildConfiguration section */
		9AEA4E2713964F1700C5BE43 /* Debug */ = {
			isa = XCBuildConfiguration;
			buildSettings = {
				ARCHS = "$(ARCHS_STANDARD_32_BIT)";
				"CODE_SIGN_IDENTITY[sdk=iphoneos*]" = "iPhone Developer";
				GCC_C_LANGUAGE_STANDARD = gnu99;
				GCC_OPTIMIZATION_LEVEL = 0;
				GCC_PREPROCESSOR_DEFINITIONS = DEBUG;
				GCC_SYMBOLS_PRIVATE_EXTERN = NO;
				GCC_VERSION = com.apple.compilers.llvmgcc42;
				GCC_WARN_ABOUT_RETURN_TYPE = YES;
				GCC_WARN_UNUSED_VARIABLE = YES;
				IPHONEOS_DEPLOYMENT_TARGET = 4.3;
				SDKROOT = iphoneos;
			};
			name = Debug;
		};
		9AEA4E2813964F1700C5BE43 /* Release */ = {
			isa = XCBuildConfiguration;
			buildSettings = {
				ARCHS = "$(ARCHS_STANDARD_32_BIT)";
				"CODE_SIGN_IDENTITY[sdk=iphoneos*]" = "iPhone Developer";
				GCC_C_LANGUAGE_STANDARD = gnu99;
				GCC_VERSION = com.apple.compilers.llvmgcc42;
				GCC_WARN_ABOUT_RETURN_TYPE = YES;
				GCC_WARN_UNUSED_VARIABLE = YES;
				IPHONEOS_DEPLOYMENT_TARGET = 4.3;
				OTHER_CFLAGS = "-DNS_BLOCK_ASSERTIONS=1";
				SDKROOT = iphoneos;
			};
			name = Release;
		};
		9AEA4E2A13964F1700C5BE43 /* Debug */ = {
			isa = XCBuildConfiguration;
			buildSettings = {
				ALWAYS_SEARCH_USER_PATHS = NO;
				COPY_PHASE_STRIP = NO;
				GCC_DYNAMIC_NO_PIC = NO;
				GCC_PRECOMPILE_PREFIX_HEADER = YES;
				GCC_PREFIX_HEADER = "books/books-Prefix.pch";
				INFOPLIST_FILE = "books/books-Info.plist";
				PRODUCT_NAME = "$(TARGET_NAME)";
				TARGETED_DEVICE_FAMILY = 1;
				WRAPPER_EXTENSION = app;
			};
			name = Debug;
		};
		9AEA4E2B13964F1700C5BE43 /* Release */ = {
			isa = XCBuildConfiguration;
			buildSettings = {
				ALWAYS_SEARCH_USER_PATHS = NO;
				COPY_PHASE_STRIP = YES;
				GCC_PRECOMPILE_PREFIX_HEADER = YES;
				GCC_PREFIX_HEADER = "books/books-Prefix.pch";
				INFOPLIST_FILE = "books/books-Info.plist";
				PRODUCT_NAME = "$(TARGET_NAME)";
				TARGETED_DEVICE_FAMILY = 1;
				VALIDATE_PRODUCT = YES;
				WRAPPER_EXTENSION = app;
			};
			name = Release;
		};
		9AEA4E2D13964F1700C5BE43 /* Debug */ = {
			isa = XCBuildConfiguration;
			buildSettings = {
				ALWAYS_SEARCH_USER_PATHS = NO;
				BUNDLE_LOADER = "$(BUILT_PRODUCTS_DIR)/books.app/books";
				FRAMEWORK_SEARCH_PATHS = (
					"$(SDKROOT)/Developer/Library/Frameworks",
					"$(DEVELOPER_LIBRARY_DIR)/Frameworks",
				);
				GCC_PRECOMPILE_PREFIX_HEADER = YES;
				GCC_PREFIX_HEADER = "booksTests/booksTests-Prefix.pch";
				INFOPLIST_FILE = "booksTests/booksTests-Info.plist";
				OTHER_LDFLAGS = (
					"-framework",
					SenTestingKit,
				);
				PRODUCT_NAME = "$(TARGET_NAME)";
				TEST_HOST = "$(BUNDLE_LOADER)";
				WRAPPER_EXTENSION = octest;
			};
			name = Debug;
		};
		9AEA4E2E13964F1700C5BE43 /* Release */ = {
			isa = XCBuildConfiguration;
			buildSettings = {
				ALWAYS_SEARCH_USER_PATHS = NO;
				BUNDLE_LOADER = "$(BUILT_PRODUCTS_DIR)/books.app/books";
				FRAMEWORK_SEARCH_PATHS = (
					"$(SDKROOT)/Developer/Library/Frameworks",
					"$(DEVELOPER_LIBRARY_DIR)/Frameworks",
				);
				GCC_PRECOMPILE_PREFIX_HEADER = YES;
				GCC_PREFIX_HEADER = "booksTests/booksTests-Prefix.pch";
				INFOPLIST_FILE = "booksTests/booksTests-Info.plist";
				OTHER_LDFLAGS = (
					"-framework",
					SenTestingKit,
				);
				PRODUCT_NAME = "$(TARGET_NAME)";
				TEST_HOST = "$(BUNDLE_LOADER)";
				WRAPPER_EXTENSION = octest;
			};
			name = Release;
		};
/* End XCBuildConfiguration section */

/* Begin XCConfigurationList section */
		9AEA4DE613964F1700C5BE43 /* Build configuration list for PBXProject "books" */ = {
			isa = XCConfigurationList;
			buildConfigurations = (
				9AEA4E2713964F1700C5BE43 /* Debug */,
				9AEA4E2813964F1700C5BE43 /* Release */,
			);
			defaultConfigurationIsVisible = 0;
			defaultConfigurationName = Release;
		};
		9AEA4E2913964F1700C5BE43 /* Build configuration list for PBXNativeTarget "books" */ = {
			isa = XCConfigurationList;
			buildConfigurations = (
				9AEA4E2A13964F1700C5BE43 /* Debug */,
				9AEA4E2B13964F1700C5BE43 /* Release */,
			);
			defaultConfigurationIsVisible = 0;
			defaultConfigurationName = Release;
		};
		9AEA4E2C13964F1700C5BE43 /* Build configuration list for PBXNativeTarget "booksTests" */ = {
			isa = XCConfigurationList;
			buildConfigurations = (
				9AEA4E2D13964F1700C5BE43 /* Debug */,
				9AEA4E2E13964F1700C5BE43 /* Release */,
			);
			defaultConfigurationIsVisible = 0;
			defaultConfigurationName = Release;
		};
/* End XCConfigurationList section */
	};
	rootObject = 9AEA4DE313964F1700C5BE43 /* Project object */;
}
